
Microsoft Visual Studio Solution File, Format Version 12.00
# Visual Studio 2015
Project("{FAE04EC0-301F-11D3-BF4B-00C04F79EFBC}") = "Noradrenalin Nights.CSharp", "Noradrenalin Nights.CSharp.csproj", "{A13ACE5B-246D-EBB2-4FBE-78F504D92AA6}"
EndProject
Project("{FAE04EC0-301F-11D3-BF4B-00C04F79EFBC}") = "Noradrenalin Nights.CSharp.Editor", "Noradrenalin Nights.CSharp.Editor.csproj", "{9E5C6579-E63C-4732-75C9-6E67B6A92674}"
EndProject
Global
	GlobalSection(SolutionConfigurationPlatforms) = preSolution
		Debug|Any CPU = Debug|Any CPU
		Release|Any CPU = Release|Any CPU
	EndGlobalSection
	GlobalSection(ProjectConfigurationPlatforms) = postSolution
		{A13ACE5B-246D-EBB2-4FBE-78F504D92AA6}.Debug|Any CPU.ActiveCfg = Debug|Any CPU
		{A13ACE5B-246D-EBB2-4FBE-78F504D92AA6}.Debug|Any CPU.Build.0 = Debug|Any CPU
		{A13ACE5B-246D-EBB2-4FBE-78F504D92AA6}.Release|Any CPU.ActiveCfg = Release|Any CPU
		{A13ACE5B-246D-EBB2-4FBE-78F504D92AA6}.Release|Any CPU.Build.0 = Release|Any CPU
		{9E5C6579-E63C-4732-75C9-6E67B6A92674}.Debug|Any CPU.ActiveCfg = Debug|Any CPU
		{9E5C6579-E63C-4732-75C9-6E67B6A92674}.Debug|Any CPU.Build.0 = Debug|Any CPU
		{9E5C6579-E63C-4732-75C9-6E67B6A92674}.Release|Any CPU.ActiveCfg = Release|Any CPU
		{9E5C6579-E63C-4732-75C9-6E67B6A92674}.Release|Any CPU.Build.0 = Release|Any CPU
	EndGlobalSection
	GlobalSection(SolutionProperties) = preSolution
		HideSolutionNode = FALSE
	EndGlobalSection
EndGlobal
